
Microsoft Visual Studio Solution File, Format Version 12.00
# Visual Studio 15
VisualStudioVersion = 15.0.28307.757
MinimumVisualStudioVersion = 10.0.40219.1
Project("{9A19103F-16F7-4668-BE54-9A1E7A4F7556}") = "Case_ST_API", "Case_ST_API\Case_ST_API.csproj", "{3E4E3D3B-DB82-4AD8-AE39-EFFAFC974FB7}"
EndProject
Project("{9A19103F-16F7-4668-BE54-9A1E7A4F7556}") = "Case_ST_Web", "Case_ST_Web\Case_ST_Web.csproj", "{712C2066-CACD-48FD-B5A2-2816BD6EE2AF}"
EndProject
Global
	GlobalSection(SolutionConfigurationPlatforms) = preSolution
		Debug|Any CPU = Debug|Any CPU
		Release|Any CPU = Release|Any CPU
	EndGlobalSection
	GlobalSection(ProjectConfigurationPlatforms) = postSolution
		{3E4E3D3B-DB82-4AD8-AE39-EFFAFC974FB7}.Debug|Any CPU.ActiveCfg = Debug|Any CPU
		{3E4E3D3B-DB82-4AD8-AE39-EFFAFC974FB7}.Debug|Any CPU.Build.0 = Debug|Any CPU
		{3E4E3D3B-DB82-4AD8-AE39-EFFAFC974FB7}.Release|Any CPU.ActiveCfg = Release|Any CPU
		{3E4E3D3B-DB82-4AD8-AE39-EFFAFC974FB7}.Release|Any CPU.Build.0 = Release|Any CPU
		{712C2066-CACD-48FD-B5A2-2816BD6EE2AF}.Debug|Any CPU.ActiveCfg = Debug|Any CPU
		{712C2066-CACD-48FD-B5A2-2816BD6EE2AF}.Debug|Any CPU.Build.0 = Debug|Any CPU
		{712C2066-CACD-48FD-B5A2-2816BD6EE2AF}.Release|Any CPU.ActiveCfg = Release|Any CPU
		{712C2066-CACD-48FD-B5A2-2816BD6EE2AF}.Release|Any CPU.Build.0 = Release|Any CPU
	EndGlobalSection
	GlobalSection(SolutionProperties) = preSolution
		HideSolutionNode = FALSE
	EndGlobalSection
	GlobalSection(ExtensibilityGlobals) = postSolution
		SolutionGuid = {DD66648A-9368-4B6B-8A14-569D714BF3C0}
	EndGlobalSection
EndGlobal
